
Microsoft Visual Studio Solution File, Format Version 12.00
# Visual Studio 14
VisualStudioVersion = 14.0.25420.1
MinimumVisualStudioVersion = 10.0.40219.1
Project("{FAE04EC0-301F-11D3-BF4B-00C04F79EFBC}") = "InventoryManagement", "InventoryManagement\InventoryManagement.csproj", "{6954F5F2-F283-4975-AE7B-4DD839A4FAD7}"
EndProject
Project("{FAE04EC0-301F-11D3-BF4B-00C04F79EFBC}") = "InventoryManagement.Tests", "InventoryManagement.Tests\InventoryManagement.Tests.csproj", "{AF01DE5B-4A71-4467-8FD3-9072F50C2B4F}"
EndProject
Global
	GlobalSection(SolutionConfigurationPlatforms) = preSolution
		Debug|Any CPU = Debug|Any CPU
		Release|Any CPU = Release|Any CPU
	EndGlobalSection
	GlobalSection(ProjectConfigurationPlatforms) = postSolution
		{6954F5F2-F283-4975-AE7B-4DD839A4FAD7}.Debug|Any CPU.ActiveCfg = Debug|Any CPU
		{6954F5F2-F283-4975-AE7B-4DD839A4FAD7}.Debug|Any CPU.Build.0 = Debug|Any CPU
		{6954F5F2-F283-4975-AE7B-4DD839A4FAD7}.Release|Any CPU.ActiveCfg = Release|Any CPU
		{6954F5F2-F283-4975-AE7B-4DD839A4FAD7}.Release|Any CPU.Build.0 = Release|Any CPU
		{AF01DE5B-4A71-4467-8FD3-9072F50C2B4F}.Debug|Any CPU.ActiveCfg = Debug|Any CPU
		{AF01DE5B-4A71-4467-8FD3-9072F50C2B4F}.Debug|Any CPU.Build.0 = Debug|Any CPU
		{AF01DE5B-4A71-4467-8FD3-9072F50C2B4F}.Release|Any CPU.ActiveCfg = Release|Any CPU
		{AF01DE5B-4A71-4467-8FD3-9072F50C2B4F}.Release|Any CPU.Build.0 = Release|Any CPU
	EndGlobalSection
	GlobalSection(SolutionProperties) = preSolution
		HideSolutionNode = FALSE
	EndGlobalSection
EndGlobal
